// !$*UTF8*$!
{
	archiveVersion = 1;
	classes = {
	};
	objectVersion = 46;
	objects = {

/* Begin PBXBuildFile section */
		F827B5501CD9D3C20088A9AC /* main.cpp in Sources */ = {isa = PBXBuildFile; fileRef = F827B54F1CD9D3C20088A9AC /* main.cpp */; };
		F827B5591CD9D3E30088A9AC /* comm_log.cpp in Sources */ = {isa = PBXBuildFile; fileRef = F827B5571CD9D3E30088A9AC /* comm_log.cpp */; settings = {ASSET_TAGS = (); }; };
/* End PBXBuildFile section */

/* Begin PBXCopyFilesBuildPhase section */
		F827B54A1CD9D3C20088A9AC /* CopyFiles */ = {
			isa = PBXCopyFilesBuildPhase;
			buildActionMask = 2147483647;
			dstPath = /usr/share/man/man1/;
			dstSubfolderSpec = 0;
			files = (
			);
			runOnlyForDeploymentPostprocessing = 1;
		};
/* End PBXCopyFilesBuildPhase section */

/* Begin PBXFileReference section */
		F827B54C1CD9D3C20088A9AC /* Dummy */ = {isa = PBXFileReference; explicitFileType = "compiled.mach-o.executable"; includeInIndex = 0; path = Dummy; sourceTree = BUILT_PRODUCTS_DIR; };
		F827B54F1CD9D3C20088A9AC /* main.cpp */ = {isa = PBXFileReference; lastKnownFileType = sourcecode.cpp.cpp; path = main.cpp; sourceTree = "<group>"; };
		F827B5571CD9D3E30088A9AC /* comm_log.cpp */ = {isa = PBXFileReference; fileEncoding = 4; lastKnownFileType = sourcecode.cpp.cpp; path = comm_log.cpp; sourceTree = "<group>"; };
		F827B5581CD9D3E30088A9AC /* comm_log.hpp */ = {isa = PBXFileReference; fileEncoding = 4; lastKnownFileType = sourcecode.cpp.h; path = comm_log.hpp; sourceTree = "<group>"; };
/* End PBXFileReference section */

/* Begin PBXFrameworksBuildPhase section */
		F827B5491CD9D3C20088A9AC /* Frameworks */ = {
			isa = PBXFrameworksBuildPhase;
			buildActionMask = 2147483647;
			files = (
			);
			runOnlyForDeploymentPostprocessing = 0;
		};
/* End PBXFrameworksBuildPhase section */

/* Begin PBXGroup section */
		F827B5431CD9D3C20088A9AC = {
			isa = PBXGroup;
			children = (
				F827B54E1CD9D3C20088A9AC /* Dummy */,
				F827B54D1CD9D3C20088A9AC /* Products */,
			);
			sourceTree = "<group>";
		};
		F827B54D1CD9D3C20088A9AC /* Products */ = {
			isa = PBXGroup;
			children = (
				F827B54C1CD9D3C20088A9AC /* Dummy */,
			);
			name = Products;
			sourceTree = "<group>";
		};
		F827B54E1CD9D3C20088A9AC /* Dummy */ = {
			isa = PBXGroup;
			children = (
				F827B5561CD9D3DA0088A9AC /* comm */,
				F827B54F1CD9D3C20088A9AC /* main.cpp */,
			);
			path = Dummy;
			sourceTree = "<group>";
		};
		F827B5561CD9D3DA0088A9AC /* comm */ = {
			isa = PBXGroup;
			children = (
				F827B5571CD9D3E30088A9AC /* comm_log.cpp */,
				F827B5581CD9D3E30088A9AC /* comm_log.hpp */,
			);
			name = comm;
			sourceTree = "<group>";
		};
/* End PBXGroup section */

/* Begin PBXNativeTarget section */
		F827B54B1CD9D3C20088A9AC /* Dummy */ = {
			isa = PBXNativeTarget;
			buildConfigurationList = F827B5531CD9D3C20088A9AC /* Build configuration list for PBXNativeTarget "Dummy" */;
			buildPhases = (
				F827B5481CD9D3C20088A9AC /* Sources */,
				F827B5491CD9D3C20088A9AC /* Frameworks */,
				F827B54A1CD9D3C20088A9AC /* CopyFiles */,
			);
			buildRules = (
			);
			dependencies = (
			);
			name = Dummy;
			productName = Dummy;
			productReference = F827B54C1CD9D3C20088A9AC /* Dummy */;
			productType = "com.apple.product-type.tool";
		};
/* End PBXNativeTarget section */

/* Begin PBXProject section */
		F827B5441CD9D3C20088A9AC /* Project object */ = {
			isa = PBXProject;
			attributes = {
				LastUpgradeCheck = 0700;
				ORGANIZATIONNAME = YOOGYOUNGYOON;
				TargetAttributes = {
					F827B54B1CD9D3C20088A9AC = {
						CreatedOnToolsVersion = 7.0;
					};
				};
			};
			buildConfigurationList = F827B5471CD9D3C20088A9AC /* Build configuration list for PBXProject "Dummy" */;
			compatibilityVersion = "Xcode 3.2";
			developmentRegion = English;
			hasScannedForEncodings = 0;
			knownRegions = (
				en,
			);
			mainGroup = F827B5431CD9D3C20088A9AC;
			productRefGroup = F827B54D1CD9D3C20088A9AC /* Products */;
			projectDirPath = "";
			projectRoot = "";
			targets = (
				F827B54B1CD9D3C20088A9AC /* Dummy */,
			);
		};
/* End PBXProject section */

/* Begin PBXSourcesBuildPhase section */
		F827B5481CD9D3C20088A9AC /* Sources */ = {
			isa = PBXSourcesBuildPhase;
			buildActionMask = 2147483647;
			files = (
				F827B5591CD9D3E30088A9AC /* comm_log.cpp in Sources */,
				F827B5501CD9D3C20088A9AC /* main.cpp in Sources */,
			);
			runOnlyForDeploymentPostprocessing = 0;
		};
/* End PBXSourcesBuildPhase section */

/* Begin XCBuildConfiguration section */
		F827B5511CD9D3C20088A9AC /* Debug */ = {
			isa = XCBuildConfiguration;
			buildSettings = {
				ALWAYS_SEARCH_USER_PATHS = NO;
				CLANG_CXX_LANGUAGE_STANDARD = "gnu++0x";
				CLANG_CXX_LIBRARY = "libc++";
				CLANG_ENABLE_MODULES = YES;
				CLANG_ENABLE_OBJC_ARC = YES;
				CLANG_WARN_BOOL_CONVERSION = YES;
				CLANG_WARN_CONSTANT_CONVERSION = YES;
				CLANG_WARN_DIRECT_OBJC_ISA_USAGE = YES_ERROR;
				CLANG_WARN_EMPTY_BODY = YES;
				CLANG_WARN_ENUM_CONVERSION = YES;
				CLANG_WARN_INT_CONVERSION = YES;
				CLANG_WARN_OBJC_ROOT_CLASS = YES_ERROR;
				CLANG_WARN_UNREACHABLE_CODE = YES;
				CLANG_WARN__DUPLICATE_METHOD_MATCH = YES;
				COPY_PHASE_STRIP = NO;
				DEBUG_INFORMATION_FORMAT = dwarf;
				ENABLE_STRICT_OBJC_MSGSEND = YES;
				ENABLE_TESTABILITY = YES;
				GCC_C_LANGUAGE_STANDARD = gnu99;
				GCC_DYNAMIC_NO_PIC = NO;
				GCC_NO_COMMON_BLOCKS = YES;
				GCC_OPTIMIZATION_LEVEL = 0;
				GCC_PREPROCESSOR_DEFINITIONS = (
					"DEBUG=1",
					"$(inherited)",
				);
				GCC_WARN_64_TO_32_BIT_CONVERSION = YES;
				GCC_WARN_ABOUT_RETURN_TYPE = YES_ERROR;
				GCC_WARN_UNDECLARED_SELECTOR = YES;
				GCC_WARN_UNINITIALIZED_AUTOS = YES_AGGRESSIVE;
				GCC_WARN_UNUSED_FUNCTION = YES;
				GCC_WARN_UNUSED_VARIABLE = YES;
				MACOSX_DEPLOYMENT_TARGET = 10.11;
				MTL_ENABLE_DEBUG_INFO = YES;
				ONLY_ACTIVE_ARCH = YES;
				SDKROOT = macosx;
			};
			name = Debug;
		};
		F827B5521CD9D3C20088A9AC /* Release */ = {
			isa = XCBuildConfiguration;
			buildSettings = {
				ALWAYS_SEARCH_USER_PATHS = NO;
				CLANG_CXX_LANGUAGE_STANDARD = "gnu++0x";
				CLANG_CXX_LIBRARY = "libc++";
				CLANG_ENABLE_MODULES = YES;
				CLANG_ENABLE_OBJC_ARC = YES;
				CLANG_WARN_BOOL_CONVERSION = YES;
				CLANG_WARN_CONSTANT_CONVERSION = YES;
				CLANG_WARN_DIRECT_OBJC_ISA_USAGE = YES_ERROR;
				CLANG_WARN_EMPTY_BODY = YES;
				CLANG_WARN_ENUM_CONVERSION = YES;
				CLANG_WARN_INT_CONVERSION = YES;
				CLANG_WARN_OBJC_ROOT_CLASS = YES_ERROR;
				CLANG_WARN_UNREACHABLE_CODE = YES;
				CLANG_WARN__DUPLICATE_METHOD_MATCH = YES;
				COPY_PHASE_STRIP = NO;
				DEBUG_INFORMATION_FORMAT = "dwarf-with-dsym";
				ENABLE_NS_ASSERTIONS = NO;
				ENABLE_STRICT_OBJC_MSGSEND = YES;
				GCC_C_LANGUAGE_STANDARD = gnu99;
				GCC_NO_COMMON_BLOCKS = YES;
				GCC_WARN_64_TO_32_BIT_CONVERSION = YES;
				GCC_WARN_ABOUT_RETURN_TYPE = YES_ERROR;
				GCC_WARN_UNDECLARED_SELECTOR = YES;
				GCC_WARN_UNINITIALIZED_AUTOS = YES_AGGRESSIVE;
				GCC_WARN_UNUSED_FUNCTION = YES;
				GCC_WARN_UNUSED_VARIABLE = YES;
				MACOSX_DEPLOYMENT_TARGET = 10.11;
				MTL_ENABLE_DEBUG_INFO = NO;
				SDKROOT = macosx;
			};
			name = Release;
		};
		F827B5541CD9D3C20088A9AC /* Debug */ = {
			isa = XCBuildConfiguration;
			buildSettings = {
				PRODUCT_NAME = "$(TARGET_NAME)";
			};
			name = Debug;
		};
		F827B5551CD9D3C20088A9AC /* Release */ = {
			isa = XCBuildConfiguration;
			buildSettings = {
				PRODUCT_NAME = "$(TARGET_NAME)";
			};
			name = Release;
		};
/* End XCBuildConfiguration section */

/* Begin XCConfigurationList section */
		F827B5471CD9D3C20088A9AC /* Build configuration list for PBXProject "Dummy" */ = {
			isa = XCConfigurationList;
			buildConfigurations = (
				F827B5511CD9D3C20088A9AC /* Debug */,
				F827B5521CD9D3C20088A9AC /* Release */,
			);
			defaultConfigurationIsVisible = 0;
			defaultConfigurationName = Release;
		};
		F827B5531CD9D3C20088A9AC /* Build configuration list for PBXNativeTarget "Dummy" */ = {
			isa = XCConfigurationList;
			buildConfigurations = (
				F827B5541CD9D3C20088A9AC /* Debug */,
				F827B5551CD9D3C20088A9AC /* Release */,
			);
			defaultConfigurationIsVisible = 0;
		};
/* End XCConfigurationList section */
	};
	rootObject = F827B5441CD9D3C20088A9AC /* Project object */;
}
