// !$*UTF8*$!
{
	archiveVersion = 1;
	classes = {
	};
	objectVersion = 46;
	objects = {

/* Begin PBXBuildFile section */
		F838499C1C6DCC220078E076 /* manager.cpp in Sources */ = {isa = PBXBuildFile; fileRef = F838499A1C6DCC220078E076 /* manager.cpp */; settings = {ASSET_TAGS = (); }; };
		F8CCF1281C670AC4009A7DC3 /* map.cpp in Sources */ = {isa = PBXBuildFile; fileRef = F8CCF1261C670AC4009A7DC3 /* map.cpp */; settings = {ASSET_TAGS = (); }; };
		F8F8B7351C6F06D2007BCEA1 /* comm_log.cpp in Sources */ = {isa = PBXBuildFile; fileRef = F8F8B7331C6F06D2007BCEA1 /* comm_log.cpp */; settings = {ASSET_TAGS = (); }; };
/* End PBXBuildFile section */

/* Begin PBXCopyFilesBuildPhase section */
		F834A8DB1C6480C4009C0502 /* CopyFiles */ = {
			isa = PBXCopyFilesBuildPhase;
			buildActionMask = 2147483647;
			dstPath = /usr/share/man/man1/;
			dstSubfolderSpec = 0;
			files = (
			);
			runOnlyForDeploymentPostprocessing = 1;
		};
/* End PBXCopyFilesBuildPhase section */

/* Begin PBXFileReference section */
		F834A8DD1C6480C4009C0502 /* manager */ = {isa = PBXFileReference; explicitFileType = "compiled.mach-o.executable"; includeInIndex = 0; path = manager; sourceTree = BUILT_PRODUCTS_DIR; };
		F838499A1C6DCC220078E076 /* manager.cpp */ = {isa = PBXFileReference; fileEncoding = 4; lastKnownFileType = sourcecode.cpp.cpp; path = manager.cpp; sourceTree = "<group>"; };
		F838499B1C6DCC220078E076 /* manager.hpp */ = {isa = PBXFileReference; fileEncoding = 4; lastKnownFileType = sourcecode.cpp.h; path = manager.hpp; sourceTree = "<group>"; };
		F8CCF1261C670AC4009A7DC3 /* map.cpp */ = {isa = PBXFileReference; fileEncoding = 4; lastKnownFileType = sourcecode.cpp.cpp; path = map.cpp; sourceTree = "<group>"; };
		F8CCF1271C670AC4009A7DC3 /* map.hpp */ = {isa = PBXFileReference; fileEncoding = 4; lastKnownFileType = sourcecode.cpp.h; path = map.hpp; sourceTree = "<group>"; };
		F8F8B7331C6F06D2007BCEA1 /* comm_log.cpp */ = {isa = PBXFileReference; fileEncoding = 4; lastKnownFileType = sourcecode.cpp.cpp; path = comm_log.cpp; sourceTree = "<group>"; };
		F8F8B7341C6F06D2007BCEA1 /* comm_log.hpp */ = {isa = PBXFileReference; fileEncoding = 4; lastKnownFileType = sourcecode.cpp.h; path = comm_log.hpp; sourceTree = "<group>"; };
/* End PBXFileReference section */

/* Begin PBXFrameworksBuildPhase section */
		F834A8DA1C6480C4009C0502 /* Frameworks */ = {
			isa = PBXFrameworksBuildPhase;
			buildActionMask = 2147483647;
			files = (
			);
			runOnlyForDeploymentPostprocessing = 0;
		};
/* End PBXFrameworksBuildPhase section */

/* Begin PBXGroup section */
		F834A8D41C6480C4009C0502 = {
			isa = PBXGroup;
			children = (
				F834A8DF1C6480C4009C0502 /* manager */,
				F834A8DE1C6480C4009C0502 /* Products */,
			);
			sourceTree = "<group>";
		};
		F834A8DE1C6480C4009C0502 /* Products */ = {
			isa = PBXGroup;
			children = (
				F834A8DD1C6480C4009C0502 /* manager */,
			);
			name = Products;
			sourceTree = "<group>";
		};
		F834A8DF1C6480C4009C0502 /* manager */ = {
			isa = PBXGroup;
			children = (
				F8CCF1251C670A9A009A7DC3 /* lib */,
				F838499A1C6DCC220078E076 /* manager.cpp */,
				F838499B1C6DCC220078E076 /* manager.hpp */,
			);
			path = manager;
			sourceTree = "<group>";
		};
		F8CCF1251C670A9A009A7DC3 /* lib */ = {
			isa = PBXGroup;
			children = (
				F8CCF1261C670AC4009A7DC3 /* map.cpp */,
				F8CCF1271C670AC4009A7DC3 /* map.hpp */,
				F8F8B7331C6F06D2007BCEA1 /* comm_log.cpp */,
				F8F8B7341C6F06D2007BCEA1 /* comm_log.hpp */,
			);
			name = lib;
			sourceTree = "<group>";
		};
/* End PBXGroup section */

/* Begin PBXNativeTarget section */
		F834A8DC1C6480C4009C0502 /* manager */ = {
			isa = PBXNativeTarget;
			buildConfigurationList = F834A8E41C6480C4009C0502 /* Build configuration list for PBXNativeTarget "manager" */;
			buildPhases = (
				F834A8D91C6480C4009C0502 /* Sources */,
				F834A8DA1C6480C4009C0502 /* Frameworks */,
				F834A8DB1C6480C4009C0502 /* CopyFiles */,
			);
			buildRules = (
			);
			dependencies = (
			);
			name = manager;
			productName = manager;
			productReference = F834A8DD1C6480C4009C0502 /* manager */;
			productType = "com.apple.product-type.tool";
		};
/* End PBXNativeTarget section */

/* Begin PBXProject section */
		F834A8D51C6480C4009C0502 /* Project object */ = {
			isa = PBXProject;
			attributes = {
				KnownAssetTags = (
					New,
				);
				LastUpgradeCheck = 0700;
				ORGANIZATIONNAME = YOOGYOUNGYOON;
				TargetAttributes = {
					F834A8DC1C6480C4009C0502 = {
						CreatedOnToolsVersion = 7.0;
					};
				};
			};
			buildConfigurationList = F834A8D81C6480C4009C0502 /* Build configuration list for PBXProject "manager" */;
			compatibilityVersion = "Xcode 3.2";
			developmentRegion = English;
			hasScannedForEncodings = 0;
			knownRegions = (
				en,
			);
			mainGroup = F834A8D41C6480C4009C0502;
			productRefGroup = F834A8DE1C6480C4009C0502 /* Products */;
			projectDirPath = "";
			projectRoot = "";
			targets = (
				F834A8DC1C6480C4009C0502 /* manager */,
			);
		};
/* End PBXProject section */

/* Begin PBXSourcesBuildPhase section */
		F834A8D91C6480C4009C0502 /* Sources */ = {
			isa = PBXSourcesBuildPhase;
			buildActionMask = 2147483647;
			files = (
				F8CCF1281C670AC4009A7DC3 /* map.cpp in Sources */,
				F8F8B7351C6F06D2007BCEA1 /* comm_log.cpp in Sources */,
				F838499C1C6DCC220078E076 /* manager.cpp in Sources */,
			);
			runOnlyForDeploymentPostprocessing = 0;
		};
/* End PBXSourcesBuildPhase section */

/* Begin XCBuildConfiguration section */
		F834A8E21C6480C4009C0502 /* Debug */ = {
			isa = XCBuildConfiguration;
			buildSettings = {
				ALWAYS_SEARCH_USER_PATHS = NO;
				CLANG_CXX_LANGUAGE_STANDARD = "gnu++0x";
				CLANG_CXX_LIBRARY = "libc++";
				CLANG_ENABLE_MODULES = YES;
				CLANG_ENABLE_OBJC_ARC = YES;
				CLANG_WARN_BOOL_CONVERSION = YES;
				CLANG_WARN_CONSTANT_CONVERSION = YES;
				CLANG_WARN_DIRECT_OBJC_ISA_USAGE = YES_ERROR;
				CLANG_WARN_EMPTY_BODY = YES;
				CLANG_WARN_ENUM_CONVERSION = YES;
				CLANG_WARN_INT_CONVERSION = YES;
				CLANG_WARN_OBJC_ROOT_CLASS = YES_ERROR;
				CLANG_WARN_UNREACHABLE_CODE = YES;
				CLANG_WARN__DUPLICATE_METHOD_MATCH = YES;
				COPY_PHASE_STRIP = NO;
				DEBUG_INFORMATION_FORMAT = dwarf;
				ENABLE_STRICT_OBJC_MSGSEND = YES;
				ENABLE_TESTABILITY = YES;
				GCC_C_LANGUAGE_STANDARD = gnu99;
				GCC_DYNAMIC_NO_PIC = NO;
				GCC_NO_COMMON_BLOCKS = YES;
				GCC_OPTIMIZATION_LEVEL = 0;
				GCC_PREPROCESSOR_DEFINITIONS = (
					"DEBUG=1",
					"$(inherited)",
				);
				GCC_WARN_64_TO_32_BIT_CONVERSION = YES;
				GCC_WARN_ABOUT_RETURN_TYPE = YES_ERROR;
				GCC_WARN_UNDECLARED_SELECTOR = YES;
				GCC_WARN_UNINITIALIZED_AUTOS = YES_AGGRESSIVE;
				GCC_WARN_UNUSED_FUNCTION = YES;
				GCC_WARN_UNUSED_VARIABLE = YES;
				MACOSX_DEPLOYMENT_TARGET = 10.11;
				MTL_ENABLE_DEBUG_INFO = YES;
				ONLY_ACTIVE_ARCH = YES;
				SDKROOT = macosx;
			};
			name = Debug;
		};
		F834A8E31C6480C4009C0502 /* Release */ = {
			isa = XCBuildConfiguration;
			buildSettings = {
				ALWAYS_SEARCH_USER_PATHS = NO;
				CLANG_CXX_LANGUAGE_STANDARD = "gnu++0x";
				CLANG_CXX_LIBRARY = "libc++";
				CLANG_ENABLE_MODULES = YES;
				CLANG_ENABLE_OBJC_ARC = YES;
				CLANG_WARN_BOOL_CONVERSION = YES;
				CLANG_WARN_CONSTANT_CONVERSION = YES;
				CLANG_WARN_DIRECT_OBJC_ISA_USAGE = YES_ERROR;
				CLANG_WARN_EMPTY_BODY = YES;
				CLANG_WARN_ENUM_CONVERSION = YES;
				CLANG_WARN_INT_CONVERSION = YES;
				CLANG_WARN_OBJC_ROOT_CLASS = YES_ERROR;
				CLANG_WARN_UNREACHABLE_CODE = YES;
				CLANG_WARN__DUPLICATE_METHOD_MATCH = YES;
				COPY_PHASE_STRIP = NO;
				DEBUG_INFORMATION_FORMAT = "dwarf-with-dsym";
				ENABLE_NS_ASSERTIONS = NO;
				ENABLE_STRICT_OBJC_MSGSEND = YES;
				GCC_C_LANGUAGE_STANDARD = gnu99;
				GCC_NO_COMMON_BLOCKS = YES;
				GCC_WARN_64_TO_32_BIT_CONVERSION = YES;
				GCC_WARN_ABOUT_RETURN_TYPE = YES_ERROR;
				GCC_WARN_UNDECLARED_SELECTOR = YES;
				GCC_WARN_UNINITIALIZED_AUTOS = YES_AGGRESSIVE;
				GCC_WARN_UNUSED_FUNCTION = YES;
				GCC_WARN_UNUSED_VARIABLE = YES;
				MACOSX_DEPLOYMENT_TARGET = 10.11;
				MTL_ENABLE_DEBUG_INFO = NO;
				SDKROOT = macosx;
			};
			name = Release;
		};
		F834A8E51C6480C4009C0502 /* Debug */ = {
			isa = XCBuildConfiguration;
			buildSettings = {
				PRODUCT_NAME = "$(TARGET_NAME)";
			};
			name = Debug;
		};
		F834A8E61C6480C4009C0502 /* Release */ = {
			isa = XCBuildConfiguration;
			buildSettings = {
				PRODUCT_NAME = "$(TARGET_NAME)";
			};
			name = Release;
		};
/* End XCBuildConfiguration section */

/* Begin XCConfigurationList section */
		F834A8D81C6480C4009C0502 /* Build configuration list for PBXProject "manager" */ = {
			isa = XCConfigurationList;
			buildConfigurations = (
				F834A8E21C6480C4009C0502 /* Debug */,
				F834A8E31C6480C4009C0502 /* Release */,
			);
			defaultConfigurationIsVisible = 0;
			defaultConfigurationName = Release;
		};
		F834A8E41C6480C4009C0502 /* Build configuration list for PBXNativeTarget "manager" */ = {
			isa = XCConfigurationList;
			buildConfigurations = (
				F834A8E51C6480C4009C0502 /* Debug */,
				F834A8E61C6480C4009C0502 /* Release */,
			);
			defaultConfigurationIsVisible = 0;
			defaultConfigurationName = Release;
		};
/* End XCConfigurationList section */
	};
	rootObject = F834A8D51C6480C4009C0502 /* Project object */;
}
