// !$*UTF8*$!
{
	archiveVersion = 1;
	classes = {
	};
	objectVersion = 46;
	objects = {

/* Begin PBXBuildFile section */
		F8A0536D1CB899860007C651 /* HubMain.cpp in Sources */ = {isa = PBXBuildFile; fileRef = F8A0536B1CB899860007C651 /* HubMain.cpp */; settings = {ASSET_TAGS = (); }; };
		F8A053721CB89BFC0007C651 /* comm_log.cpp in Sources */ = {isa = PBXBuildFile; fileRef = F8A0536E1CB89BFC0007C651 /* comm_log.cpp */; settings = {ASSET_TAGS = (); }; };
		F8A053731CB89BFC0007C651 /* map.cpp in Sources */ = {isa = PBXBuildFile; fileRef = F8A053701CB89BFC0007C651 /* map.cpp */; settings = {ASSET_TAGS = (); }; };
		F8A053761CB951E80007C651 /* pClient.cpp in Sources */ = {isa = PBXBuildFile; fileRef = F8A053741CB951E80007C651 /* pClient.cpp */; settings = {ASSET_TAGS = (); }; };
/* End PBXBuildFile section */

/* Begin PBXCopyFilesBuildPhase section */
		F8A0535F1CB898060007C651 /* CopyFiles */ = {
			isa = PBXCopyFilesBuildPhase;
			buildActionMask = 2147483647;
			dstPath = /usr/share/man/man1/;
			dstSubfolderSpec = 0;
			files = (
			);
			runOnlyForDeploymentPostprocessing = 1;
		};
/* End PBXCopyFilesBuildPhase section */

/* Begin PBXFileReference section */
		F8A053611CB898060007C651 /* Hub */ = {isa = PBXFileReference; explicitFileType = "compiled.mach-o.executable"; includeInIndex = 0; path = Hub; sourceTree = BUILT_PRODUCTS_DIR; };
		F8A0536B1CB899860007C651 /* HubMain.cpp */ = {isa = PBXFileReference; fileEncoding = 4; lastKnownFileType = sourcecode.cpp.cpp; path = HubMain.cpp; sourceTree = "<group>"; };
		F8A0536C1CB899860007C651 /* HubMain.hpp */ = {isa = PBXFileReference; fileEncoding = 4; lastKnownFileType = sourcecode.cpp.h; path = HubMain.hpp; sourceTree = "<group>"; };
		F8A0536E1CB89BFC0007C651 /* comm_log.cpp */ = {isa = PBXFileReference; fileEncoding = 4; lastKnownFileType = sourcecode.cpp.cpp; path = comm_log.cpp; sourceTree = "<group>"; };
		F8A0536F1CB89BFC0007C651 /* comm_log.hpp */ = {isa = PBXFileReference; fileEncoding = 4; lastKnownFileType = sourcecode.cpp.h; path = comm_log.hpp; sourceTree = "<group>"; };
		F8A053701CB89BFC0007C651 /* map.cpp */ = {isa = PBXFileReference; fileEncoding = 4; lastKnownFileType = sourcecode.cpp.cpp; path = map.cpp; sourceTree = "<group>"; };
		F8A053711CB89BFC0007C651 /* map.hpp */ = {isa = PBXFileReference; fileEncoding = 4; lastKnownFileType = sourcecode.cpp.h; path = map.hpp; sourceTree = "<group>"; };
		F8A053741CB951E80007C651 /* pClient.cpp */ = {isa = PBXFileReference; fileEncoding = 4; lastKnownFileType = sourcecode.cpp.cpp; path = pClient.cpp; sourceTree = "<group>"; };
		F8A053751CB951E80007C651 /* pClient.hpp */ = {isa = PBXFileReference; fileEncoding = 4; lastKnownFileType = sourcecode.cpp.h; path = pClient.hpp; sourceTree = "<group>"; };
/* End PBXFileReference section */

/* Begin PBXFrameworksBuildPhase section */
		F8A0535E1CB898060007C651 /* Frameworks */ = {
			isa = PBXFrameworksBuildPhase;
			buildActionMask = 2147483647;
			files = (
			);
			runOnlyForDeploymentPostprocessing = 0;
		};
/* End PBXFrameworksBuildPhase section */

/* Begin PBXGroup section */
		F8A053581CB898060007C651 = {
			isa = PBXGroup;
			children = (
				F8A053631CB898060007C651 /* Hub */,
				F8A053621CB898060007C651 /* Products */,
			);
			sourceTree = "<group>";
		};
		F8A053621CB898060007C651 /* Products */ = {
			isa = PBXGroup;
			children = (
				F8A053611CB898060007C651 /* Hub */,
			);
			name = Products;
			sourceTree = "<group>";
		};
		F8A053631CB898060007C651 /* Hub */ = {
			isa = PBXGroup;
			children = (
				F8A0536E1CB89BFC0007C651 /* comm_log.cpp */,
				F8A0536F1CB89BFC0007C651 /* comm_log.hpp */,
				F8A053701CB89BFC0007C651 /* map.cpp */,
				F8A053711CB89BFC0007C651 /* map.hpp */,
				F8A0536B1CB899860007C651 /* HubMain.cpp */,
				F8A0536C1CB899860007C651 /* HubMain.hpp */,
				F8A053741CB951E80007C651 /* pClient.cpp */,
				F8A053751CB951E80007C651 /* pClient.hpp */,
			);
			path = Hub;
			sourceTree = "<group>";
		};
/* End PBXGroup section */

/* Begin PBXNativeTarget section */
		F8A053601CB898060007C651 /* Hub */ = {
			isa = PBXNativeTarget;
			buildConfigurationList = F8A053681CB898060007C651 /* Build configuration list for PBXNativeTarget "Hub" */;
			buildPhases = (
				F8A0535D1CB898060007C651 /* Sources */,
				F8A0535E1CB898060007C651 /* Frameworks */,
				F8A0535F1CB898060007C651 /* CopyFiles */,
			);
			buildRules = (
			);
			dependencies = (
			);
			name = Hub;
			productName = Hub;
			productReference = F8A053611CB898060007C651 /* Hub */;
			productType = "com.apple.product-type.tool";
		};
/* End PBXNativeTarget section */

/* Begin PBXProject section */
		F8A053591CB898060007C651 /* Project object */ = {
			isa = PBXProject;
			attributes = {
				LastUpgradeCheck = 0700;
				ORGANIZATIONNAME = YOOGYOUNGYOON;
				TargetAttributes = {
					F8A053601CB898060007C651 = {
						CreatedOnToolsVersion = 7.0;
					};
				};
			};
			buildConfigurationList = F8A0535C1CB898060007C651 /* Build configuration list for PBXProject "Hub" */;
			compatibilityVersion = "Xcode 3.2";
			developmentRegion = English;
			hasScannedForEncodings = 0;
			knownRegions = (
				en,
			);
			mainGroup = F8A053581CB898060007C651;
			productRefGroup = F8A053621CB898060007C651 /* Products */;
			projectDirPath = "";
			projectRoot = "";
			targets = (
				F8A053601CB898060007C651 /* Hub */,
			);
		};
/* End PBXProject section */

/* Begin PBXSourcesBuildPhase section */
		F8A0535D1CB898060007C651 /* Sources */ = {
			isa = PBXSourcesBuildPhase;
			buildActionMask = 2147483647;
			files = (
				F8A053731CB89BFC0007C651 /* map.cpp in Sources */,
				F8A053721CB89BFC0007C651 /* comm_log.cpp in Sources */,
				F8A0536D1CB899860007C651 /* HubMain.cpp in Sources */,
				F8A053761CB951E80007C651 /* pClient.cpp in Sources */,
			);
			runOnlyForDeploymentPostprocessing = 0;
		};
/* End PBXSourcesBuildPhase section */

/* Begin XCBuildConfiguration section */
		F8A053661CB898060007C651 /* Debug */ = {
			isa = XCBuildConfiguration;
			buildSettings = {
				ALWAYS_SEARCH_USER_PATHS = NO;
				CLANG_CXX_LANGUAGE_STANDARD = "gnu++0x";
				CLANG_CXX_LIBRARY = "libc++";
				CLANG_ENABLE_MODULES = YES;
				CLANG_ENABLE_OBJC_ARC = YES;
				CLANG_WARN_BOOL_CONVERSION = YES;
				CLANG_WARN_CONSTANT_CONVERSION = YES;
				CLANG_WARN_DIRECT_OBJC_ISA_USAGE = YES_ERROR;
				CLANG_WARN_EMPTY_BODY = YES;
				CLANG_WARN_ENUM_CONVERSION = YES;
				CLANG_WARN_INT_CONVERSION = YES;
				CLANG_WARN_OBJC_ROOT_CLASS = YES_ERROR;
				CLANG_WARN_UNREACHABLE_CODE = YES;
				CLANG_WARN__DUPLICATE_METHOD_MATCH = YES;
				COPY_PHASE_STRIP = NO;
				DEBUG_INFORMATION_FORMAT = dwarf;
				ENABLE_STRICT_OBJC_MSGSEND = YES;
				ENABLE_TESTABILITY = YES;
				GCC_C_LANGUAGE_STANDARD = gnu99;
				GCC_DYNAMIC_NO_PIC = NO;
				GCC_NO_COMMON_BLOCKS = YES;
				GCC_OPTIMIZATION_LEVEL = 0;
				GCC_PREPROCESSOR_DEFINITIONS = (
					"DEBUG=1",
					"$(inherited)",
				);
				GCC_WARN_64_TO_32_BIT_CONVERSION = YES;
				GCC_WARN_ABOUT_RETURN_TYPE = YES_ERROR;
				GCC_WARN_UNDECLARED_SELECTOR = YES;
				GCC_WARN_UNINITIALIZED_AUTOS = YES_AGGRESSIVE;
				GCC_WARN_UNUSED_FUNCTION = YES;
				GCC_WARN_UNUSED_VARIABLE = YES;
				MACOSX_DEPLOYMENT_TARGET = 10.11;
				MTL_ENABLE_DEBUG_INFO = YES;
				ONLY_ACTIVE_ARCH = YES;
				SDKROOT = macosx;
			};
			name = Debug;
		};
		F8A053671CB898060007C651 /* Release */ = {
			isa = XCBuildConfiguration;
			buildSettings = {
				ALWAYS_SEARCH_USER_PATHS = NO;
				CLANG_CXX_LANGUAGE_STANDARD = "gnu++0x";
				CLANG_CXX_LIBRARY = "libc++";
				CLANG_ENABLE_MODULES = YES;
				CLANG_ENABLE_OBJC_ARC = YES;
				CLANG_WARN_BOOL_CONVERSION = YES;
				CLANG_WARN_CONSTANT_CONVERSION = YES;
				CLANG_WARN_DIRECT_OBJC_ISA_USAGE = YES_ERROR;
				CLANG_WARN_EMPTY_BODY = YES;
				CLANG_WARN_ENUM_CONVERSION = YES;
				CLANG_WARN_INT_CONVERSION = YES;
				CLANG_WARN_OBJC_ROOT_CLASS = YES_ERROR;
				CLANG_WARN_UNREACHABLE_CODE = YES;
				CLANG_WARN__DUPLICATE_METHOD_MATCH = YES;
				COPY_PHASE_STRIP = NO;
				DEBUG_INFORMATION_FORMAT = "dwarf-with-dsym";
				ENABLE_NS_ASSERTIONS = NO;
				ENABLE_STRICT_OBJC_MSGSEND = YES;
				GCC_C_LANGUAGE_STANDARD = gnu99;
				GCC_NO_COMMON_BLOCKS = YES;
				GCC_WARN_64_TO_32_BIT_CONVERSION = YES;
				GCC_WARN_ABOUT_RETURN_TYPE = YES_ERROR;
				GCC_WARN_UNDECLARED_SELECTOR = YES;
				GCC_WARN_UNINITIALIZED_AUTOS = YES_AGGRESSIVE;
				GCC_WARN_UNUSED_FUNCTION = YES;
				GCC_WARN_UNUSED_VARIABLE = YES;
				MACOSX_DEPLOYMENT_TARGET = 10.11;
				MTL_ENABLE_DEBUG_INFO = NO;
				SDKROOT = macosx;
			};
			name = Release;
		};
		F8A053691CB898060007C651 /* Debug */ = {
			isa = XCBuildConfiguration;
			buildSettings = {
				PRODUCT_NAME = "$(TARGET_NAME)";
			};
			name = Debug;
		};
		F8A0536A1CB898060007C651 /* Release */ = {
			isa = XCBuildConfiguration;
			buildSettings = {
				PRODUCT_NAME = "$(TARGET_NAME)";
			};
			name = Release;
		};
/* End XCBuildConfiguration section */

/* Begin XCConfigurationList section */
		F8A0535C1CB898060007C651 /* Build configuration list for PBXProject "Hub" */ = {
			isa = XCConfigurationList;
			buildConfigurations = (
				F8A053661CB898060007C651 /* Debug */,
				F8A053671CB898060007C651 /* Release */,
			);
			defaultConfigurationIsVisible = 0;
			defaultConfigurationName = Release;
		};
		F8A053681CB898060007C651 /* Build configuration list for PBXNativeTarget "Hub" */ = {
			isa = XCConfigurationList;
			buildConfigurations = (
				F8A053691CB898060007C651 /* Debug */,
				F8A0536A1CB898060007C651 /* Release */,
			);
			defaultConfigurationIsVisible = 0;
			defaultConfigurationName = Release;
		};
/* End XCConfigurationList section */
	};
	rootObject = F8A053591CB898060007C651 /* Project object */;
}
