// !$*UTF8*$!
{
	archiveVersion = 1;
	classes = {
	};
	objectVersion = 46;
	objects = {

/* Begin PBXBuildFile section */
		F865BE181C71703700B90038 /* main.cpp in Sources */ = {isa = PBXBuildFile; fileRef = F865BE171C71703700B90038 /* main.cpp */; };
		F865BE201C71707F00B90038 /* comm_log.cpp in Sources */ = {isa = PBXBuildFile; fileRef = F865BE1E1C71707F00B90038 /* comm_log.cpp */; settings = {ASSET_TAGS = (); }; };
/* End PBXBuildFile section */

/* Begin PBXCopyFilesBuildPhase section */
		F865BE121C71703700B90038 /* CopyFiles */ = {
			isa = PBXCopyFilesBuildPhase;
			buildActionMask = 2147483647;
			dstPath = /usr/share/man/man1/;
			dstSubfolderSpec = 0;
			files = (
			);
			runOnlyForDeploymentPostprocessing = 1;
		};
/* End PBXCopyFilesBuildPhase section */

/* Begin PBXFileReference section */
		F865BE141C71703700B90038 /* P */ = {isa = PBXFileReference; explicitFileType = "compiled.mach-o.executable"; includeInIndex = 0; path = P; sourceTree = BUILT_PRODUCTS_DIR; };
		F865BE171C71703700B90038 /* main.cpp */ = {isa = PBXFileReference; lastKnownFileType = sourcecode.cpp.cpp; path = main.cpp; sourceTree = "<group>"; };
		F865BE1E1C71707F00B90038 /* comm_log.cpp */ = {isa = PBXFileReference; fileEncoding = 4; lastKnownFileType = sourcecode.cpp.cpp; path = comm_log.cpp; sourceTree = "<group>"; };
		F865BE1F1C71707F00B90038 /* comm_log.hpp */ = {isa = PBXFileReference; fileEncoding = 4; lastKnownFileType = sourcecode.cpp.h; path = comm_log.hpp; sourceTree = "<group>"; };
/* End PBXFileReference section */

/* Begin PBXFrameworksBuildPhase section */
		F865BE111C71703700B90038 /* Frameworks */ = {
			isa = PBXFrameworksBuildPhase;
			buildActionMask = 2147483647;
			files = (
			);
			runOnlyForDeploymentPostprocessing = 0;
		};
/* End PBXFrameworksBuildPhase section */

/* Begin PBXGroup section */
		F865BE0B1C71703700B90038 = {
			isa = PBXGroup;
			children = (
				F865BE161C71703700B90038 /* P */,
				F865BE151C71703700B90038 /* Products */,
			);
			sourceTree = "<group>";
		};
		F865BE151C71703700B90038 /* Products */ = {
			isa = PBXGroup;
			children = (
				F865BE141C71703700B90038 /* P */,
			);
			name = Products;
			sourceTree = "<group>";
		};
		F865BE161C71703700B90038 /* P */ = {
			isa = PBXGroup;
			children = (
				F865BE1E1C71707F00B90038 /* comm_log.cpp */,
				F865BE1F1C71707F00B90038 /* comm_log.hpp */,
				F865BE171C71703700B90038 /* main.cpp */,
			);
			path = P;
			sourceTree = "<group>";
		};
/* End PBXGroup section */

/* Begin PBXNativeTarget section */
		F865BE131C71703700B90038 /* P */ = {
			isa = PBXNativeTarget;
			buildConfigurationList = F865BE1B1C71703700B90038 /* Build configuration list for PBXNativeTarget "P" */;
			buildPhases = (
				F865BE101C71703700B90038 /* Sources */,
				F865BE111C71703700B90038 /* Frameworks */,
				F865BE121C71703700B90038 /* CopyFiles */,
			);
			buildRules = (
			);
			dependencies = (
			);
			name = P;
			productName = P;
			productReference = F865BE141C71703700B90038 /* P */;
			productType = "com.apple.product-type.tool";
		};
/* End PBXNativeTarget section */

/* Begin PBXProject section */
		F865BE0C1C71703700B90038 /* Project object */ = {
			isa = PBXProject;
			attributes = {
				LastUpgradeCheck = 0700;
				ORGANIZATIONNAME = YOOGYOUNGYOON;
				TargetAttributes = {
					F865BE131C71703700B90038 = {
						CreatedOnToolsVersion = 7.0;
					};
				};
			};
			buildConfigurationList = F865BE0F1C71703700B90038 /* Build configuration list for PBXProject "P" */;
			compatibilityVersion = "Xcode 3.2";
			developmentRegion = English;
			hasScannedForEncodings = 0;
			knownRegions = (
				en,
			);
			mainGroup = F865BE0B1C71703700B90038;
			productRefGroup = F865BE151C71703700B90038 /* Products */;
			projectDirPath = "";
			projectRoot = "";
			targets = (
				F865BE131C71703700B90038 /* P */,
			);
		};
/* End PBXProject section */

/* Begin PBXSourcesBuildPhase section */
		F865BE101C71703700B90038 /* Sources */ = {
			isa = PBXSourcesBuildPhase;
			buildActionMask = 2147483647;
			files = (
				F865BE201C71707F00B90038 /* comm_log.cpp in Sources */,
				F865BE181C71703700B90038 /* main.cpp in Sources */,
			);
			runOnlyForDeploymentPostprocessing = 0;
		};
/* End PBXSourcesBuildPhase section */

/* Begin XCBuildConfiguration section */
		F865BE191C71703700B90038 /* Debug */ = {
			isa = XCBuildConfiguration;
			buildSettings = {
				ALWAYS_SEARCH_USER_PATHS = NO;
				CLANG_CXX_LANGUAGE_STANDARD = "gnu++0x";
				CLANG_CXX_LIBRARY = "libc++";
				CLANG_ENABLE_MODULES = YES;
				CLANG_ENABLE_OBJC_ARC = YES;
				CLANG_WARN_BOOL_CONVERSION = YES;
				CLANG_WARN_CONSTANT_CONVERSION = YES;
				CLANG_WARN_DIRECT_OBJC_ISA_USAGE = YES_ERROR;
				CLANG_WARN_EMPTY_BODY = YES;
				CLANG_WARN_ENUM_CONVERSION = YES;
				CLANG_WARN_INT_CONVERSION = YES;
				CLANG_WARN_OBJC_ROOT_CLASS = YES_ERROR;
				CLANG_WARN_UNREACHABLE_CODE = YES;
				CLANG_WARN__DUPLICATE_METHOD_MATCH = YES;
				COPY_PHASE_STRIP = NO;
				DEBUG_INFORMATION_FORMAT = dwarf;
				ENABLE_STRICT_OBJC_MSGSEND = YES;
				ENABLE_TESTABILITY = YES;
				GCC_C_LANGUAGE_STANDARD = gnu99;
				GCC_DYNAMIC_NO_PIC = NO;
				GCC_NO_COMMON_BLOCKS = YES;
				GCC_OPTIMIZATION_LEVEL = 0;
				GCC_PREPROCESSOR_DEFINITIONS = (
					"DEBUG=1",
					"$(inherited)",
				);
				GCC_WARN_64_TO_32_BIT_CONVERSION = YES;
				GCC_WARN_ABOUT_RETURN_TYPE = YES_ERROR;
				GCC_WARN_UNDECLARED_SELECTOR = YES;
				GCC_WARN_UNINITIALIZED_AUTOS = YES_AGGRESSIVE;
				GCC_WARN_UNUSED_FUNCTION = YES;
				GCC_WARN_UNUSED_VARIABLE = YES;
				MACOSX_DEPLOYMENT_TARGET = 10.11;
				MTL_ENABLE_DEBUG_INFO = YES;
				ONLY_ACTIVE_ARCH = YES;
				SDKROOT = macosx;
			};
			name = Debug;
		};
		F865BE1A1C71703700B90038 /* Release */ = {
			isa = XCBuildConfiguration;
			buildSettings = {
				ALWAYS_SEARCH_USER_PATHS = NO;
				CLANG_CXX_LANGUAGE_STANDARD = "gnu++0x";
				CLANG_CXX_LIBRARY = "libc++";
				CLANG_ENABLE_MODULES = YES;
				CLANG_ENABLE_OBJC_ARC = YES;
				CLANG_WARN_BOOL_CONVERSION = YES;
				CLANG_WARN_CONSTANT_CONVERSION = YES;
				CLANG_WARN_DIRECT_OBJC_ISA_USAGE = YES_ERROR;
				CLANG_WARN_EMPTY_BODY = YES;
				CLANG_WARN_ENUM_CONVERSION = YES;
				CLANG_WARN_INT_CONVERSION = YES;
				CLANG_WARN_OBJC_ROOT_CLASS = YES_ERROR;
				CLANG_WARN_UNREACHABLE_CODE = YES;
				CLANG_WARN__DUPLICATE_METHOD_MATCH = YES;
				COPY_PHASE_STRIP = NO;
				DEBUG_INFORMATION_FORMAT = "dwarf-with-dsym";
				ENABLE_NS_ASSERTIONS = NO;
				ENABLE_STRICT_OBJC_MSGSEND = YES;
				GCC_C_LANGUAGE_STANDARD = gnu99;
				GCC_NO_COMMON_BLOCKS = YES;
				GCC_WARN_64_TO_32_BIT_CONVERSION = YES;
				GCC_WARN_ABOUT_RETURN_TYPE = YES_ERROR;
				GCC_WARN_UNDECLARED_SELECTOR = YES;
				GCC_WARN_UNINITIALIZED_AUTOS = YES_AGGRESSIVE;
				GCC_WARN_UNUSED_FUNCTION = YES;
				GCC_WARN_UNUSED_VARIABLE = YES;
				MACOSX_DEPLOYMENT_TARGET = 10.11;
				MTL_ENABLE_DEBUG_INFO = NO;
				SDKROOT = macosx;
			};
			name = Release;
		};
		F865BE1C1C71703700B90038 /* Debug */ = {
			isa = XCBuildConfiguration;
			buildSettings = {
				PRODUCT_NAME = "$(TARGET_NAME)";
			};
			name = Debug;
		};
		F865BE1D1C71703700B90038 /* Release */ = {
			isa = XCBuildConfiguration;
			buildSettings = {
				PRODUCT_NAME = "$(TARGET_NAME)";
			};
			name = Release;
		};
/* End XCBuildConfiguration section */

/* Begin XCConfigurationList section */
		F865BE0F1C71703700B90038 /* Build configuration list for PBXProject "P" */ = {
			isa = XCConfigurationList;
			buildConfigurations = (
				F865BE191C71703700B90038 /* Debug */,
				F865BE1A1C71703700B90038 /* Release */,
			);
			defaultConfigurationIsVisible = 0;
			defaultConfigurationName = Release;
		};
		F865BE1B1C71703700B90038 /* Build configuration list for PBXNativeTarget "P" */ = {
			isa = XCConfigurationList;
			buildConfigurations = (
				F865BE1C1C71703700B90038 /* Debug */,
				F865BE1D1C71703700B90038 /* Release */,
			);
			defaultConfigurationIsVisible = 0;
		};
/* End XCConfigurationList section */
	};
	rootObject = F865BE0C1C71703700B90038 /* Project object */;
}
